
Microsoft Visual Studio Solution File, Format Version 12.00
# Visual Studio Version 17
VisualStudioVersion = 17.5.33516.290
MinimumVisualStudioVersion = 10.0.40219.1
Project("{FAE04EC0-301F-11D3-BF4B-00C04F79EFBC}") = "DotNetTTS.Silero", "DotNetTTS.Silero\DotNetTTS.Silero.csproj", "{014441AF-A5E9-4B55-807B-E4DFF04582DA}"
EndProject
Project("{FAE04EC0-301F-11D3-BF4B-00C04F79EFBC}") = "DotNetTTS.Vosk", "DotNetTTS.Vosk\DotNetTTS.Vosk.csproj", "{44AEAF6D-587C-4C0A-B092-B037C4B888BF}"
EndProject
Project("{FAE04EC0-301F-11D3-BF4B-00C04F79EFBC}") = "DotNetTTS.Examples", "DotNetTTS.Examples\DotNetTTS.Examples.csproj", "{D85263F5-FF58-4E09-BA80-0923A6230C6A}"
EndProject
Global
	GlobalSection(SolutionConfigurationPlatforms) = preSolution
		Debug|Any CPU = Debug|Any CPU
		Release|Any CPU = Release|Any CPU
	EndGlobalSection
	GlobalSection(ProjectConfigurationPlatforms) = postSolution
		{014441AF-A5E9-4B55-807B-E4DFF04582DA}.Debug|Any CPU.ActiveCfg = Debug|Any CPU
		{014441AF-A5E9-4B55-807B-E4DFF04582DA}.Debug|Any CPU.Build.0 = Debug|Any CPU
		{014441AF-A5E9-4B55-807B-E4DFF04582DA}.Release|Any CPU.ActiveCfg = Release|Any CPU
		{014441AF-A5E9-4B55-807B-E4DFF04582DA}.Release|Any CPU.Build.0 = Release|Any CPU
		{44AEAF6D-587C-4C0A-B092-B037C4B888BF}.Debug|Any CPU.ActiveCfg = Debug|Any CPU
		{44AEAF6D-587C-4C0A-B092-B037C4B888BF}.Debug|Any CPU.Build.0 = Debug|Any CPU
		{44AEAF6D-587C-4C0A-B092-B037C4B888BF}.Release|Any CPU.ActiveCfg = Release|Any CPU
		{44AEAF6D-587C-4C0A-B092-B037C4B888BF}.Release|Any CPU.Build.0 = Release|Any CPU
		{D85263F5-FF58-4E09-BA80-0923A6230C6A}.Debug|Any CPU.ActiveCfg = Debug|Any CPU
		{D85263F5-FF58-4E09-BA80-0923A6230C6A}.Debug|Any CPU.Build.0 = Debug|Any CPU
		{D85263F5-FF58-4E09-BA80-0923A6230C6A}.Release|Any CPU.ActiveCfg = Release|Any CPU
		{D85263F5-FF58-4E09-BA80-0923A6230C6A}.Release|Any CPU.Build.0 = Release|Any CPU
	EndGlobalSection
	GlobalSection(SolutionProperties) = preSolution
		HideSolutionNode = FALSE
	EndGlobalSection
	GlobalSection(ExtensibilityGlobals) = postSolution
		SolutionGuid = {F4FA1BC4-4AF7-46DE-A280-CFB5A9646D0C}
	EndGlobalSection
EndGlobal
